
Microsoft Visual Studio Solution File, Format Version 12.00
# Visual Studio Version 17
VisualStudioVersion = 17.10.34902.84
MinimumVisualStudioVersion = 10.0.40219.1
Project("{FAE04EC0-301F-11D3-BF4B-00C04F79EFBC}") = "WEBAPP", "WEBAPP\WEBAPP.csproj", "{160073AB-C2E2-44DC-BAB3-4D62E3F39677}"
EndProject
Global
	GlobalSection(SolutionConfigurationPlatforms) = preSolution
		Debug|Any CPU = Debug|Any CPU
		Release|Any CPU = Release|Any CPU
	EndGlobalSection
	GlobalSection(ProjectConfigurationPlatforms) = postSolution
		{160073AB-C2E2-44DC-BAB3-4D62E3F39677}.Debug|Any CPU.ActiveCfg = Debug|Any CPU
		{160073AB-C2E2-44DC-BAB3-4D62E3F39677}.Debug|Any CPU.Build.0 = Debug|Any CPU
		{160073AB-C2E2-44DC-BAB3-4D62E3F39677}.Release|Any CPU.ActiveCfg = Release|Any CPU
		{160073AB-C2E2-44DC-BAB3-4D62E3F39677}.Release|Any CPU.Build.0 = Release|Any CPU
	EndGlobalSection
	GlobalSection(SolutionProperties) = preSolution
		HideSolutionNode = FALSE
	EndGlobalSection
	GlobalSection(ExtensibilityGlobals) = postSolution
		SolutionGuid = {D0C3A405-6E14-4EB8-95DA-A26CF4289028}
	EndGlobalSection
EndGlobal
